
Microsoft Visual Studio Solution File, Format Version 12.00
# Visual Studio 15
VisualStudioVersion = 15.0.28307.852
MinimumVisualStudioVersion = 10.0.40219.1
Project("{FAE04EC0-301F-11D3-BF4B-00C04F79EFBC}") = "hash", "hash\hash.csproj", "{792C6BDC-B2A0-4475-9A51-0DC0ED909BA0}"
EndProject
Global
	GlobalSection(SolutionConfigurationPlatforms) = preSolution
		Debug|Any CPU = Debug|Any CPU
		Release|Any CPU = Release|Any CPU
	EndGlobalSection
	GlobalSection(ProjectConfigurationPlatforms) = postSolution
		{792C6BDC-B2A0-4475-9A51-0DC0ED909BA0}.Debug|Any CPU.ActiveCfg = Debug|Any CPU
		{792C6BDC-B2A0-4475-9A51-0DC0ED909BA0}.Debug|Any CPU.Build.0 = Debug|Any CPU
		{792C6BDC-B2A0-4475-9A51-0DC0ED909BA0}.Release|Any CPU.ActiveCfg = Release|Any CPU
		{792C6BDC-B2A0-4475-9A51-0DC0ED909BA0}.Release|Any CPU.Build.0 = Release|Any CPU
	EndGlobalSection
	GlobalSection(SolutionProperties) = preSolution
		HideSolutionNode = FALSE
	EndGlobalSection
	GlobalSection(ExtensibilityGlobals) = postSolution
		SolutionGuid = {E311B771-7748-4F99-94E3-71AF6BE338F0}
	EndGlobalSection
EndGlobal
